
Microsoft Visual Studio Solution File, Format Version 12.00
# Visual Studio Version 17
VisualStudioVersion = 17.8.34330.188
MinimumVisualStudioVersion = 10.0.40219.1
Project("{FAE04EC0-301F-11D3-BF4B-00C04F79EFBC}") = "exProposto208C", "exProposto208C.csproj", "{78E0F497-58D8-4F97-A051-16AFC12A0905}"
EndProject
Global
	GlobalSection(SolutionConfigurationPlatforms) = preSolution
		Debug|Any CPU = Debug|Any CPU
		Release|Any CPU = Release|Any CPU
	EndGlobalSection
	GlobalSection(ProjectConfigurationPlatforms) = postSolution
		{78E0F497-58D8-4F97-A051-16AFC12A0905}.Debug|Any CPU.ActiveCfg = Debug|Any CPU
		{78E0F497-58D8-4F97-A051-16AFC12A0905}.Debug|Any CPU.Build.0 = Debug|Any CPU
		{78E0F497-58D8-4F97-A051-16AFC12A0905}.Release|Any CPU.ActiveCfg = Release|Any CPU
		{78E0F497-58D8-4F97-A051-16AFC12A0905}.Release|Any CPU.Build.0 = Release|Any CPU
	EndGlobalSection
	GlobalSection(SolutionProperties) = preSolution
		HideSolutionNode = FALSE
	EndGlobalSection
	GlobalSection(ExtensibilityGlobals) = postSolution
		SolutionGuid = {FBCD9FD5-4BD8-435A-B303-1196DFC46128}
	EndGlobalSection
EndGlobal
